
Microsoft Visual Studio Solution File, Format Version 12.00
# Visual Studio 15
VisualStudioVersion = 15.0.28307.421
MinimumVisualStudioVersion = 10.0.40219.1
Project("{FAE04EC0-301F-11D3-BF4B-00C04F79EFBC}") = "HosterPKDeployTest", "HosterPKDeployTest\HosterPKDeployTest.csproj", "{68CFA24B-47C3-4BDB-BB56-692D70C682DB}"
EndProject
Global
	GlobalSection(SolutionConfigurationPlatforms) = preSolution
		Debug|Any CPU = Debug|Any CPU
		Release|Any CPU = Release|Any CPU
	EndGlobalSection
	GlobalSection(ProjectConfigurationPlatforms) = postSolution
		{68CFA24B-47C3-4BDB-BB56-692D70C682DB}.Debug|Any CPU.ActiveCfg = Debug|Any CPU
		{68CFA24B-47C3-4BDB-BB56-692D70C682DB}.Debug|Any CPU.Build.0 = Debug|Any CPU
		{68CFA24B-47C3-4BDB-BB56-692D70C682DB}.Release|Any CPU.ActiveCfg = Release|Any CPU
		{68CFA24B-47C3-4BDB-BB56-692D70C682DB}.Release|Any CPU.Build.0 = Release|Any CPU
	EndGlobalSection
	GlobalSection(SolutionProperties) = preSolution
		HideSolutionNode = FALSE
	EndGlobalSection
	GlobalSection(ExtensibilityGlobals) = postSolution
		SolutionGuid = {CD540A52-4255-4ECA-8306-0B7C7BF05F18}
	EndGlobalSection
EndGlobal
